// !$*UTF8*$!
{
	archiveVersion = 1;
	classes = {
	};
	objectVersion = 56;
	objects = {

/* Begin PBXBuildFile section */
		296C95432C8B116400B39A10 /* UStoreApp.swift in Sources */ = {isa = PBXBuildFile; fileRef = 296C95422C8B116400B39A10 /* UStoreApp.swift */; };
		296C95452C8B116400B39A10 /* ContentView.swift in Sources */ = {isa = PBXBuildFile; fileRef = 296C95442C8B116400B39A10 /* ContentView.swift */; };
		296C95472C8B116500B39A10 /* Assets.xcassets in Resources */ = {isa = PBXBuildFile; fileRef = 296C95462C8B116500B39A10 /* Assets.xcassets */; };
		296C954A2C8B116500B39A10 /* Preview Assets.xcassets in Resources */ = {isa = PBXBuildFile; fileRef = 296C95492C8B116500B39A10 /* Preview Assets.xcassets */; };
		296C95542C8B116600B39A10 /* UStoreTests.swift in Sources */ = {isa = PBXBuildFile; fileRef = 296C95532C8B116600B39A10 /* UStoreTests.swift */; };
		296C955E2C8B116600B39A10 /* UStoreUITests.swift in Sources */ = {isa = PBXBuildFile; fileRef = 296C955D2C8B116600B39A10 /* UStoreUITests.swift */; };
		296C95602C8B116600B39A10 /* UStoreUITestsLaunchTests.swift in Sources */ = {isa = PBXBuildFile; fileRef = 296C955F2C8B116600B39A10 /* UStoreUITestsLaunchTests.swift */; };
		296C96102C8B2A1800B39A10 /* Launch Screen.storyboard in Resources */ = {isa = PBXBuildFile; fileRef = 296C960F2C8B2A1800B39A10 /* Launch Screen.storyboard */; };
		296C96122C8B2B4600B39A10 /* SignIn_Screen.swift in Sources */ = {isa = PBXBuildFile; fileRef = 296C96112C8B2B4600B39A10 /* SignIn_Screen.swift */; };
		296C96142C8B2DEA00B39A10 /* SignUp_Screen.swift in Sources */ = {isa = PBXBuildFile; fileRef = 296C96132C8B2DEA00B39A10 /* SignUp_Screen.swift */; };
		296C96162C8B2E0400B39A10 /* ForgetPassword_Screen.swift in Sources */ = {isa = PBXBuildFile; fileRef = 296C96152C8B2E0400B39A10 /* ForgetPassword_Screen.swift */; };
		296C96182C8B2F2F00B39A10 /* Home_Screen.swift in Sources */ = {isa = PBXBuildFile; fileRef = 296C96172C8B2F2F00B39A10 /* Home_Screen.swift */; };
		29DD1C652C8B33220001ACC8 /* Explore_Screen.swift in Sources */ = {isa = PBXBuildFile; fileRef = 29DD1C642C8B33220001ACC8 /* Explore_Screen.swift */; };
		29DD1C672C8B333B0001ACC8 /* Favorite_Screen.swift in Sources */ = {isa = PBXBuildFile; fileRef = 29DD1C662C8B333B0001ACC8 /* Favorite_Screen.swift */; };
		29DD1C692C8B33480001ACC8 /* Cart_Screen.swift in Sources */ = {isa = PBXBuildFile; fileRef = 29DD1C682C8B33480001ACC8 /* Cart_Screen.swift */; };
		29DD1C6B2C8B33680001ACC8 /* Account_Screen.swift in Sources */ = {isa = PBXBuildFile; fileRef = 29DD1C6A2C8B33680001ACC8 /* Account_Screen.swift */; };
		29DD1C6D2C8B33B30001ACC8 /* HttpError.swift in Sources */ = {isa = PBXBuildFile; fileRef = 29DD1C6C2C8B33B30001ACC8 /* HttpError.swift */; };
		29DD1C6F2C8B49F30001ACC8 /* Navigator_Screen.swift in Sources */ = {isa = PBXBuildFile; fileRef = 29DD1C6E2C8B49F30001ACC8 /* Navigator_Screen.swift */; };
		29DD1C712C8B4A380001ACC8 /* Tab.swift in Sources */ = {isa = PBXBuildFile; fileRef = 29DD1C702C8B4A380001ACC8 /* Tab.swift */; };
		29DD1C742C8B4AAC0001ACC8 /* GilroyFonts.swift in Sources */ = {isa = PBXBuildFile; fileRef = 29DD1C732C8B4AAC0001ACC8 /* GilroyFonts.swift */; };
		29DD1C7E2C8B4AE60001ACC8 /* Colors.swift in Sources */ = {isa = PBXBuildFile; fileRef = 29DD1C7D2C8B4AE60001ACC8 /* Colors.swift */; };
		29DD1C812C8C683E0001ACC8 /* FirebaseAnalytics in Frameworks */ = {isa = PBXBuildFile; productRef = 29DD1C802C8C683E0001ACC8 /* FirebaseAnalytics */; };
		29DD1C832C8C683E0001ACC8 /* FirebaseAnalyticsOnDeviceConversion in Frameworks */ = {isa = PBXBuildFile; productRef = 29DD1C822C8C683E0001ACC8 /* FirebaseAnalyticsOnDeviceConversion */; };
		29DD1C852C8C683E0001ACC8 /* FirebaseAnalyticsWithoutAdIdSupport in Frameworks */ = {isa = PBXBuildFile; productRef = 29DD1C842C8C683E0001ACC8 /* FirebaseAnalyticsWithoutAdIdSupport */; };
		29DD1C872C8C683E0001ACC8 /* FirebaseAppCheck in Frameworks */ = {isa = PBXBuildFile; productRef = 29DD1C862C8C683E0001ACC8 /* FirebaseAppCheck */; };
		29DD1C892C8C683E0001ACC8 /* FirebaseAppDistribution-Beta in Frameworks */ = {isa = PBXBuildFile; productRef = 29DD1C882C8C683E0001ACC8 /* FirebaseAppDistribution-Beta */; };
		29DD1C8B2C8C683E0001ACC8 /* FirebaseAuth in Frameworks */ = {isa = PBXBuildFile; productRef = 29DD1C8A2C8C683E0001ACC8 /* FirebaseAuth */; };
		29DD1C8D2C8C683E0001ACC8 /* FirebaseAuthCombine-Community in Frameworks */ = {isa = PBXBuildFile; productRef = 29DD1C8C2C8C683E0001ACC8 /* FirebaseAuthCombine-Community */; };
		29DD1C8F2C8C683E0001ACC8 /* FirebaseCrashlytics in Frameworks */ = {isa = PBXBuildFile; productRef = 29DD1C8E2C8C683E0001ACC8 /* FirebaseCrashlytics */; };
		29DD1C912C8C683E0001ACC8 /* FirebaseDatabase in Frameworks */ = {isa = PBXBuildFile; productRef = 29DD1C902C8C683E0001ACC8 /* FirebaseDatabase */; };
		29DD1C932C8C683E0001ACC8 /* FirebaseDynamicLinks in Frameworks */ = {isa = PBXBuildFile; productRef = 29DD1C922C8C683E0001ACC8 /* FirebaseDynamicLinks */; };
		29DD1C952C8C683E0001ACC8 /* FirebaseFirestore in Frameworks */ = {isa = PBXBuildFile; productRef = 29DD1C942C8C683E0001ACC8 /* FirebaseFirestore */; };
		29DD1C972C8C683E0001ACC8 /* FirebaseFirestoreCombine-Community in Frameworks */ = {isa = PBXBuildFile; productRef = 29DD1C962C8C683E0001ACC8 /* FirebaseFirestoreCombine-Community */; };
		29DD1C992C8C683E0001ACC8 /* FirebaseFunctions in Frameworks */ = {isa = PBXBuildFile; productRef = 29DD1C982C8C683E0001ACC8 /* FirebaseFunctions */; };
		29DD1C9B2C8C683E0001ACC8 /* FirebaseFunctionsCombine-Community in Frameworks */ = {isa = PBXBuildFile; productRef = 29DD1C9A2C8C683E0001ACC8 /* FirebaseFunctionsCombine-Community */; };
		29DD1C9D2C8C683E0001ACC8 /* FirebaseInAppMessaging-Beta in Frameworks */ = {isa = PBXBuildFile; productRef = 29DD1C9C2C8C683E0001ACC8 /* FirebaseInAppMessaging-Beta */; };
		29DD1C9F2C8C683E0001ACC8 /* FirebaseInstallations in Frameworks */ = {isa = PBXBuildFile; productRef = 29DD1C9E2C8C683E0001ACC8 /* FirebaseInstallations */; };
		29DD1CA12C8C683E0001ACC8 /* FirebaseMessaging in Frameworks */ = {isa = PBXBuildFile; productRef = 29DD1CA02C8C683E0001ACC8 /* FirebaseMessaging */; };
		29DD1CA32C8C683E0001ACC8 /* FirebasePerformance in Frameworks */ = {isa = PBXBuildFile; productRef = 29DD1CA22C8C683E0001ACC8 /* FirebasePerformance */; };
		29DD1CA52C8C683E0001ACC8 /* FirebaseRemoteConfig in Frameworks */ = {isa = PBXBuildFile; productRef = 29DD1CA42C8C683E0001ACC8 /* FirebaseRemoteConfig */; };
		29DD1CA72C8C683E0001ACC8 /* FirebaseStorage in Frameworks */ = {isa = PBXBuildFile; productRef = 29DD1CA62C8C683E0001ACC8 /* FirebaseStorage */; };
		29DD1CA92C8C683E0001ACC8 /* FirebaseStorageCombine-Community in Frameworks */ = {isa = PBXBuildFile; productRef = 29DD1CA82C8C683E0001ACC8 /* FirebaseStorageCombine-Community */; };
		29DD1CAB2C8C683E0001ACC8 /* FirebaseVertexAI-Preview in Frameworks */ = {isa = PBXBuildFile; productRef = 29DD1CAA2C8C683E0001ACC8 /* FirebaseVertexAI-Preview */; };
		29DD1CAD2C8C69D80001ACC8 /* GoogleService-Info.plist in Resources */ = {isa = PBXBuildFile; fileRef = 29DD1CAC2C8C69D80001ACC8 /* GoogleService-Info.plist */; };
/* End PBXBuildFile section */

/* Begin PBXContainerItemProxy section */
		296C95502C8B116600B39A10 /* PBXContainerItemProxy */ = {
			isa = PBXContainerItemProxy;
			containerPortal = 296C95372C8B116400B39A10 /* Project object */;
			proxyType = 1;
			remoteGlobalIDString = 296C953E2C8B116400B39A10;
			remoteInfo = UStore;
		};
		296C955A2C8B116600B39A10 /* PBXContainerItemProxy */ = {
			isa = PBXContainerItemProxy;
			containerPortal = 296C95372C8B116400B39A10 /* Project object */;
			proxyType = 1;
			remoteGlobalIDString = 296C953E2C8B116400B39A10;
			remoteInfo = UStore;
		};
/* End PBXContainerItemProxy section */

/* Begin PBXFileReference section */
		296C953F2C8B116400B39A10 /* UStore.app */ = {isa = PBXFileReference; explicitFileType = wrapper.application; includeInIndex = 0; path = UStore.app; sourceTree = BUILT_PRODUCTS_DIR; };
		296C95422C8B116400B39A10 /* UStoreApp.swift */ = {isa = PBXFileReference; lastKnownFileType = sourcecode.swift; path = UStoreApp.swift; sourceTree = "<group>"; };
		296C95442C8B116400B39A10 /* ContentView.swift */ = {isa = PBXFileReference; lastKnownFileType = sourcecode.swift; path = ContentView.swift; sourceTree = "<group>"; };
		296C95462C8B116500B39A10 /* Assets.xcassets */ = {isa = PBXFileReference; lastKnownFileType = folder.assetcatalog; path = Assets.xcassets; sourceTree = "<group>"; };
		296C95492C8B116500B39A10 /* Preview Assets.xcassets */ = {isa = PBXFileReference; lastKnownFileType = folder.assetcatalog; path = "Preview Assets.xcassets"; sourceTree = "<group>"; };
		296C954F2C8B116600B39A10 /* UStoreTests.xctest */ = {isa = PBXFileReference; explicitFileType = wrapper.cfbundle; includeInIndex = 0; path = UStoreTests.xctest; sourceTree = BUILT_PRODUCTS_DIR; };
		296C95532C8B116600B39A10 /* UStoreTests.swift */ = {isa = PBXFileReference; lastKnownFileType = sourcecode.swift; path = UStoreTests.swift; sourceTree = "<group>"; };
		296C95592C8B116600B39A10 /* UStoreUITests.xctest */ = {isa = PBXFileReference; explicitFileType = wrapper.cfbundle; includeInIndex = 0; path = UStoreUITests.xctest; sourceTree = BUILT_PRODUCTS_DIR; };
		296C955D2C8B116600B39A10 /* UStoreUITests.swift */ = {isa = PBXFileReference; lastKnownFileType = sourcecode.swift; path = UStoreUITests.swift; sourceTree = "<group>"; };
		296C955F2C8B116600B39A10 /* UStoreUITestsLaunchTests.swift */ = {isa = PBXFileReference; lastKnownFileType = sourcecode.swift; path = UStoreUITestsLaunchTests.swift; sourceTree = "<group>"; };
		296C960F2C8B2A1800B39A10 /* Launch Screen.storyboard */ = {isa = PBXFileReference; lastKnownFileType = file.storyboard; path = "Launch Screen.storyboard"; sourceTree = "<group>"; };
		296C96112C8B2B4600B39A10 /* SignIn_Screen.swift */ = {isa = PBXFileReference; lastKnownFileType = sourcecode.swift; path = SignIn_Screen.swift; sourceTree = "<group>"; };
		296C96132C8B2DEA00B39A10 /* SignUp_Screen.swift */ = {isa = PBXFileReference; lastKnownFileType = sourcecode.swift; path = SignUp_Screen.swift; sourceTree = "<group>"; };
		296C96152C8B2E0400B39A10 /* ForgetPassword_Screen.swift */ = {isa = PBXFileReference; lastKnownFileType = sourcecode.swift; path = ForgetPassword_Screen.swift; sourceTree = "<group>"; };
		296C96172C8B2F2F00B39A10 /* Home_Screen.swift */ = {isa = PBXFileReference; lastKnownFileType = sourcecode.swift; path = Home_Screen.swift; sourceTree = "<group>"; };
		29DD1C642C8B33220001ACC8 /* Explore_Screen.swift */ = {isa = PBXFileReference; lastKnownFileType = sourcecode.swift; path = Explore_Screen.swift; sourceTree = "<group>"; };
		29DD1C662C8B333B0001ACC8 /* Favorite_Screen.swift */ = {isa = PBXFileReference; lastKnownFileType = sourcecode.swift; path = Favorite_Screen.swift; sourceTree = "<group>"; };
		29DD1C682C8B33480001ACC8 /* Cart_Screen.swift */ = {isa = PBXFileReference; lastKnownFileType = sourcecode.swift; path = Cart_Screen.swift; sourceTree = "<group>"; };
		29DD1C6A2C8B33680001ACC8 /* Account_Screen.swift */ = {isa = PBXFileReference; lastKnownFileType = sourcecode.swift; path = Account_Screen.swift; sourceTree = "<group>"; };
		29DD1C6C2C8B33B30001ACC8 /* HttpError.swift */ = {isa = PBXFileReference; lastKnownFileType = sourcecode.swift; path = HttpError.swift; sourceTree = "<group>"; };
		29DD1C6E2C8B49F30001ACC8 /* Navigator_Screen.swift */ = {isa = PBXFileReference; lastKnownFileType = sourcecode.swift; path = Navigator_Screen.swift; sourceTree = "<group>"; };
		29DD1C702C8B4A380001ACC8 /* Tab.swift */ = {isa = PBXFileReference; lastKnownFileType = sourcecode.swift; path = Tab.swift; sourceTree = "<group>"; };
		29DD1C732C8B4AAC0001ACC8 /* GilroyFonts.swift */ = {isa = PBXFileReference; lastKnownFileType = sourcecode.swift; path = GilroyFonts.swift; sourceTree = "<group>"; };
		29DD1C752C8B4AD50001ACC8 /* Gilroy-Thin.ttf */ = {isa = PBXFileReference; lastKnownFileType = file; path = "Gilroy-Thin.ttf"; sourceTree = "<group>"; };
		29DD1C762C8B4AD50001ACC8 /* Gilroy-Light.ttf */ = {isa = PBXFileReference; lastKnownFileType = file; path = "Gilroy-Light.ttf"; sourceTree = "<group>"; };
		29DD1C772C8B4AD50001ACC8 /* Gilroy-Regular.ttf */ = {isa = PBXFileReference; lastKnownFileType = file; path = "Gilroy-Regular.ttf"; sourceTree = "<group>"; };
		29DD1C782C8B4AD50001ACC8 /* Gilroy-Medium.ttf */ = {isa = PBXFileReference; lastKnownFileType = file; path = "Gilroy-Medium.ttf"; sourceTree = "<group>"; };
		29DD1C792C8B4AD50001ACC8 /* Gilroy-Black.ttf */ = {isa = PBXFileReference; lastKnownFileType = file; path = "Gilroy-Black.ttf"; sourceTree = "<group>"; };
		29DD1C7A2C8B4AD50001ACC8 /* Gilroy-Bold.ttf */ = {isa = PBXFileReference; lastKnownFileType = file; path = "Gilroy-Bold.ttf"; sourceTree = "<group>"; };
		29DD1C7B2C8B4AD50001ACC8 /* Gilroy-SemiBold.ttf */ = {isa = PBXFileReference; lastKnownFileType = file; path = "Gilroy-SemiBold.ttf"; sourceTree = "<group>"; };
		29DD1C7C2C8B4AD50001ACC8 /* Gilroy-Heavy.ttf */ = {isa = PBXFileReference; lastKnownFileType = file; path = "Gilroy-Heavy.ttf"; sourceTree = "<group>"; };
		29DD1C7D2C8B4AE60001ACC8 /* Colors.swift */ = {isa = PBXFileReference; lastKnownFileType = sourcecode.swift; path = Colors.swift; sourceTree = "<group>"; };
		29DD1CAC2C8C69D80001ACC8 /* GoogleService-Info.plist */ = {isa = PBXFileReference; fileEncoding = 4; lastKnownFileType = text.plist.xml; path = "GoogleService-Info.plist"; sourceTree = "<group>"; };
/* End PBXFileReference section */

/* Begin PBXFrameworksBuildPhase section */
		296C953C2C8B116400B39A10 /* Frameworks */ = {
			isa = PBXFrameworksBuildPhase;
			buildActionMask = 2147483647;
			files = (
				29DD1C872C8C683E0001ACC8 /* FirebaseAppCheck in Frameworks */,
				29DD1CA92C8C683E0001ACC8 /* FirebaseStorageCombine-Community in Frameworks */,
				29DD1C8B2C8C683E0001ACC8 /* FirebaseAuth in Frameworks */,
				29DD1CA32C8C683E0001ACC8 /* FirebasePerformance in Frameworks */,
				29DD1C812C8C683E0001ACC8 /* FirebaseAnalytics in Frameworks */,
				29DD1C892C8C683E0001ACC8 /* FirebaseAppDistribution-Beta in Frameworks */,
				29DD1C852C8C683E0001ACC8 /* FirebaseAnalyticsWithoutAdIdSupport in Frameworks */,
				29DD1C8F2C8C683E0001ACC8 /* FirebaseCrashlytics in Frameworks */,
				29DD1C912C8C683E0001ACC8 /* FirebaseDatabase in Frameworks */,
				29DD1C9B2C8C683E0001ACC8 /* FirebaseFunctionsCombine-Community in Frameworks */,
				29DD1C8D2C8C683E0001ACC8 /* FirebaseAuthCombine-Community in Frameworks */,
				29DD1CA52C8C683E0001ACC8 /* FirebaseRemoteConfig in Frameworks */,
				29DD1CA12C8C683E0001ACC8 /* FirebaseMessaging in Frameworks */,
				29DD1C832C8C683E0001ACC8 /* FirebaseAnalyticsOnDeviceConversion in Frameworks */,
				29DD1CA72C8C683E0001ACC8 /* FirebaseStorage in Frameworks */,
				29DD1C992C8C683E0001ACC8 /* FirebaseFunctions in Frameworks */,
				29DD1C9F2C8C683E0001ACC8 /* FirebaseInstallations in Frameworks */,
				29DD1C972C8C683E0001ACC8 /* FirebaseFirestoreCombine-Community in Frameworks */,
				29DD1C952C8C683E0001ACC8 /* FirebaseFirestore in Frameworks */,
				29DD1C932C8C683E0001ACC8 /* FirebaseDynamicLinks in Frameworks */,
				29DD1CAB2C8C683E0001ACC8 /* FirebaseVertexAI-Preview in Frameworks */,
				29DD1C9D2C8C683E0001ACC8 /* FirebaseInAppMessaging-Beta in Frameworks */,
			);
			runOnlyForDeploymentPostprocessing = 0;
		};
		296C954C2C8B116600B39A10 /* Frameworks */ = {
			isa = PBXFrameworksBuildPhase;
			buildActionMask = 2147483647;
			files = (
			);
			runOnlyForDeploymentPostprocessing = 0;
		};
		296C95562C8B116600B39A10 /* Frameworks */ = {
			isa = PBXFrameworksBuildPhase;
			buildActionMask = 2147483647;
			files = (
			);
			runOnlyForDeploymentPostprocessing = 0;
		};
/* End PBXFrameworksBuildPhase section */

/* Begin PBXGroup section */
		296C95362C8B116400B39A10 = {
			isa = PBXGroup;
			children = (
				296C95412C8B116400B39A10 /* UStore */,
				296C95522C8B116600B39A10 /* UStoreTests */,
				296C955C2C8B116600B39A10 /* UStoreUITests */,
				296C95402C8B116400B39A10 /* Products */,
			);
			sourceTree = "<group>";
		};
		296C95402C8B116400B39A10 /* Products */ = {
			isa = PBXGroup;
			children = (
				296C953F2C8B116400B39A10 /* UStore.app */,
				296C954F2C8B116600B39A10 /* UStoreTests.xctest */,
				296C95592C8B116600B39A10 /* UStoreUITests.xctest */,
			);
			name = Products;
			sourceTree = "<group>";
		};
		296C95412C8B116400B39A10 /* UStore */ = {
			isa = PBXGroup;
			children = (
				296C960E2C8B29AD00B39A10 /* StyleGuide */,
				296C960D2C8B298C00B39A10 /* ErrorHandeling */,
				296C960C2C8B298100B39A10 /* ApiService */,
				296C960B2C8B296C00B39A10 /* FirebaseService */,
				296C960A2C8B295F00B39A10 /* Navigator */,
				296C96092C8B295500B39A10 /* Enums */,
				296C96082C8B28E900B39A10 /* Utils */,
				296C96072C8B282000B39A10 /* Models */,
				296C96062C8B280D00B39A10 /* ViewModels */,
				296C96052C8B27DC00B39A10 /* Views */,
				296C95422C8B116400B39A10 /* UStoreApp.swift */,
				296C95462C8B116500B39A10 /* Assets.xcassets */,
				29DD1CAC2C8C69D80001ACC8 /* GoogleService-Info.plist */,
				296C95482C8B116500B39A10 /* Preview Content */,
				296C960F2C8B2A1800B39A10 /* Launch Screen.storyboard */,
			);
			path = UStore;
			sourceTree = "<group>";
		};
		296C95482C8B116500B39A10 /* Preview Content */ = {
			isa = PBXGroup;
			children = (
				296C95492C8B116500B39A10 /* Preview Assets.xcassets */,
			);
			path = "Preview Content";
			sourceTree = "<group>";
		};
		296C95522C8B116600B39A10 /* UStoreTests */ = {
			isa = PBXGroup;
			children = (
				296C95532C8B116600B39A10 /* UStoreTests.swift */,
			);
			path = UStoreTests;
			sourceTree = "<group>";
		};
		296C955C2C8B116600B39A10 /* UStoreUITests */ = {
			isa = PBXGroup;
			children = (
				296C955D2C8B116600B39A10 /* UStoreUITests.swift */,
				296C955F2C8B116600B39A10 /* UStoreUITestsLaunchTests.swift */,
			);
			path = UStoreUITests;
			sourceTree = "<group>";
		};
		296C96052C8B27DC00B39A10 /* Views */ = {
			isa = PBXGroup;
			children = (
				296C95442C8B116400B39A10 /* ContentView.swift */,
				296C96112C8B2B4600B39A10 /* SignIn_Screen.swift */,
				296C96132C8B2DEA00B39A10 /* SignUp_Screen.swift */,
				296C96152C8B2E0400B39A10 /* ForgetPassword_Screen.swift */,
				296C96172C8B2F2F00B39A10 /* Home_Screen.swift */,
				29DD1C642C8B33220001ACC8 /* Explore_Screen.swift */,
				29DD1C662C8B333B0001ACC8 /* Favorite_Screen.swift */,
				29DD1C682C8B33480001ACC8 /* Cart_Screen.swift */,
				29DD1C6A2C8B33680001ACC8 /* Account_Screen.swift */,
			);
			path = Views;
			sourceTree = "<group>";
		};
		296C96062C8B280D00B39A10 /* ViewModels */ = {
			isa = PBXGroup;
			children = (
			);
			path = ViewModels;
			sourceTree = "<group>";
		};
		296C96072C8B282000B39A10 /* Models */ = {
			isa = PBXGroup;
			children = (
			);
			path = Models;
			sourceTree = "<group>";
		};
		296C96082C8B28E900B39A10 /* Utils */ = {
			isa = PBXGroup;
			children = (
			);
			path = Utils;
			sourceTree = "<group>";
		};
		296C96092C8B295500B39A10 /* Enums */ = {
			isa = PBXGroup;
			children = (
				29DD1C702C8B4A380001ACC8 /* Tab.swift */,
			);
			path = Enums;
			sourceTree = "<group>";
		};
		296C960A2C8B295F00B39A10 /* Navigator */ = {
			isa = PBXGroup;
			children = (
				29DD1C6E2C8B49F30001ACC8 /* Navigator_Screen.swift */,
			);
			path = Navigator;
			sourceTree = "<group>";
		};
		296C960B2C8B296C00B39A10 /* FirebaseService */ = {
			isa = PBXGroup;
			children = (
			);
			path = FirebaseService;
			sourceTree = "<group>";
		};
		296C960C2C8B298100B39A10 /* ApiService */ = {
			isa = PBXGroup;
			children = (
			);
			path = ApiService;
			sourceTree = "<group>";
		};
		296C960D2C8B298C00B39A10 /* ErrorHandeling */ = {
			isa = PBXGroup;
			children = (
				29DD1C6C2C8B33B30001ACC8 /* HttpError.swift */,
			);
			path = ErrorHandeling;
			sourceTree = "<group>";
		};
		296C960E2C8B29AD00B39A10 /* StyleGuide */ = {
			isa = PBXGroup;
			children = (
				29DD1C722C8B4A730001ACC8 /* Fonts */,
				29DD1C7D2C8B4AE60001ACC8 /* Colors.swift */,
			);
			path = StyleGuide;
			sourceTree = "<group>";
		};
		29DD1C722C8B4A730001ACC8 /* Fonts */ = {
			isa = PBXGroup;
			children = (
				29DD1C792C8B4AD50001ACC8 /* Gilroy-Black.ttf */,
				29DD1C7A2C8B4AD50001ACC8 /* Gilroy-Bold.ttf */,
				29DD1C7C2C8B4AD50001ACC8 /* Gilroy-Heavy.ttf */,
				29DD1C762C8B4AD50001ACC8 /* Gilroy-Light.ttf */,
				29DD1C782C8B4AD50001ACC8 /* Gilroy-Medium.ttf */,
				29DD1C772C8B4AD50001ACC8 /* Gilroy-Regular.ttf */,
				29DD1C7B2C8B4AD50001ACC8 /* Gilroy-SemiBold.ttf */,
				29DD1C752C8B4AD50001ACC8 /* Gilroy-Thin.ttf */,
				29DD1C732C8B4AAC0001ACC8 /* GilroyFonts.swift */,
			);
			path = Fonts;
			sourceTree = "<group>";
		};
/* End PBXGroup section */

/* Begin PBXNativeTarget section */
		296C953E2C8B116400B39A10 /* UStore */ = {
			isa = PBXNativeTarget;
			buildConfigurationList = 296C95632C8B116600B39A10 /* Build configuration list for PBXNativeTarget "UStore" */;
			buildPhases = (
				296C953B2C8B116400B39A10 /* Sources */,
				296C953C2C8B116400B39A10 /* Frameworks */,
				296C953D2C8B116400B39A10 /* Resources */,
				29DD1CAE2C8C6CEE0001ACC8 /* ShellScript */,
			);
			buildRules = (
			);
			dependencies = (
			);
			name = UStore;
			packageProductDependencies = (
				29DD1C802C8C683E0001ACC8 /* FirebaseAnalytics */,
				29DD1C822C8C683E0001ACC8 /* FirebaseAnalyticsOnDeviceConversion */,
				29DD1C842C8C683E0001ACC8 /* FirebaseAnalyticsWithoutAdIdSupport */,
				29DD1C862C8C683E0001ACC8 /* FirebaseAppCheck */,
				29DD1C882C8C683E0001ACC8 /* FirebaseAppDistribution-Beta */,
				29DD1C8A2C8C683E0001ACC8 /* FirebaseAuth */,
				29DD1C8C2C8C683E0001ACC8 /* FirebaseAuthCombine-Community */,
				29DD1C8E2C8C683E0001ACC8 /* FirebaseCrashlytics */,
				29DD1C902C8C683E0001ACC8 /* FirebaseDatabase */,
				29DD1C922C8C683E0001ACC8 /* FirebaseDynamicLinks */,
				29DD1C942C8C683E0001ACC8 /* FirebaseFirestore */,
				29DD1C962C8C683E0001ACC8 /* FirebaseFirestoreCombine-Community */,
				29DD1C982C8C683E0001ACC8 /* FirebaseFunctions */,
				29DD1C9A2C8C683E0001ACC8 /* FirebaseFunctionsCombine-Community */,
				29DD1C9C2C8C683E0001ACC8 /* FirebaseInAppMessaging-Beta */,
				29DD1C9E2C8C683E0001ACC8 /* FirebaseInstallations */,
				29DD1CA02C8C683E0001ACC8 /* FirebaseMessaging */,
				29DD1CA22C8C683E0001ACC8 /* FirebasePerformance */,
				29DD1CA42C8C683E0001ACC8 /* FirebaseRemoteConfig */,
				29DD1CA62C8C683E0001ACC8 /* FirebaseStorage */,
				29DD1CA82C8C683E0001ACC8 /* FirebaseStorageCombine-Community */,
				29DD1CAA2C8C683E0001ACC8 /* FirebaseVertexAI-Preview */,
			);
			productName = UStore;
			productReference = 296C953F2C8B116400B39A10 /* UStore.app */;
			productType = "com.apple.product-type.application";
		};
		296C954E2C8B116600B39A10 /* UStoreTests */ = {
			isa = PBXNativeTarget;
			buildConfigurationList = 296C95662C8B116600B39A10 /* Build configuration list for PBXNativeTarget "UStoreTests" */;
			buildPhases = (
				296C954B2C8B116600B39A10 /* Sources */,
				296C954C2C8B116600B39A10 /* Frameworks */,
				296C954D2C8B116600B39A10 /* Resources */,
			);
			buildRules = (
			);
			dependencies = (
				296C95512C8B116600B39A10 /* PBXTargetDependency */,
			);
			name = UStoreTests;
			productName = UStoreTests;
			productReference = 296C954F2C8B116600B39A10 /* UStoreTests.xctest */;
			productType = "com.apple.product-type.bundle.unit-test";
		};
		296C95582C8B116600B39A10 /* UStoreUITests */ = {
			isa = PBXNativeTarget;
			buildConfigurationList = 296C95692C8B116600B39A10 /* Build configuration list for PBXNativeTarget "UStoreUITests" */;
			buildPhases = (
				296C95552C8B116600B39A10 /* Sources */,
				296C95562C8B116600B39A10 /* Frameworks */,
				296C95572C8B116600B39A10 /* Resources */,
			);
			buildRules = (
			);
			dependencies = (
				296C955B2C8B116600B39A10 /* PBXTargetDependency */,
			);
			name = UStoreUITests;
			productName = UStoreUITests;
			productReference = 296C95592C8B116600B39A10 /* UStoreUITests.xctest */;
			productType = "com.apple.product-type.bundle.ui-testing";
		};
/* End PBXNativeTarget section */

/* Begin PBXProject section */
		296C95372C8B116400B39A10 /* Project object */ = {
			isa = PBXProject;
			attributes = {
				BuildIndependentTargetsInParallel = 1;
				LastSwiftUpdateCheck = 1540;
				LastUpgradeCheck = 1540;
				TargetAttributes = {
					296C953E2C8B116400B39A10 = {
						CreatedOnToolsVersion = 15.4;
					};
					296C954E2C8B116600B39A10 = {
						CreatedOnToolsVersion = 15.4;
						TestTargetID = 296C953E2C8B116400B39A10;
					};
					296C95582C8B116600B39A10 = {
						CreatedOnToolsVersion = 15.4;
						TestTargetID = 296C953E2C8B116400B39A10;
					};
				};
			};
			buildConfigurationList = 296C953A2C8B116400B39A10 /* Build configuration list for PBXProject "UStore" */;
			compatibilityVersion = "Xcode 14.0";
			developmentRegion = en;
			hasScannedForEncodings = 0;
			knownRegions = (
				en,
				Base,
			);
			mainGroup = 296C95362C8B116400B39A10;
			packageReferences = (
				29DD1C7F2C8C683E0001ACC8 /* XCRemoteSwiftPackageReference "firebase-ios-sdk" */,
			);
			productRefGroup = 296C95402C8B116400B39A10 /* Products */;
			projectDirPath = "";
			projectRoot = "";
			targets = (
				296C953E2C8B116400B39A10 /* UStore */,
				296C954E2C8B116600B39A10 /* UStoreTests */,
				296C95582C8B116600B39A10 /* UStoreUITests */,
			);
		};
/* End PBXProject section */

/* Begin PBXResourcesBuildPhase section */
		296C953D2C8B116400B39A10 /* Resources */ = {
			isa = PBXResourcesBuildPhase;
			buildActionMask = 2147483647;
			files = (
				296C96102C8B2A1800B39A10 /* Launch Screen.storyboard in Resources */,
				29DD1CAD2C8C69D80001ACC8 /* GoogleService-Info.plist in Resources */,
				296C954A2C8B116500B39A10 /* Preview Assets.xcassets in Resources */,
				296C95472C8B116500B39A10 /* Assets.xcassets in Resources */,
			);
			runOnlyForDeploymentPostprocessing = 0;
		};
		296C954D2C8B116600B39A10 /* Resources */ = {
			isa = PBXResourcesBuildPhase;
			buildActionMask = 2147483647;
			files = (
			);
			runOnlyForDeploymentPostprocessing = 0;
		};
		296C95572C8B116600B39A10 /* Resources */ = {
			isa = PBXResourcesBuildPhase;
			buildActionMask = 2147483647;
			files = (
			);
			runOnlyForDeploymentPostprocessing = 0;
		};
/* End PBXResourcesBuildPhase section */

/* Begin PBXShellScriptBuildPhase section */
		29DD1CAE2C8C6CEE0001ACC8 /* ShellScript */ = {
			isa = PBXShellScriptBuildPhase;
			buildActionMask = 2147483647;
			files = (
			);
			inputFileListPaths = (
			);
			inputPaths = (
				"${DWARF_DSYM_FOLDER_PATH}/${DWARF_DSYM_FILE_NAME}",
				"${DWARF_DSYM_FOLDER_PATH}/${DWARF_DSYM_FILE_NAME}/Contents/Resources/DWARF/${PRODUCT_NAME}",
				"${DWARF_DSYM_FOLDER_PATH}/${DWARF_DSYM_FILE_NAME}/Contents/Info.plist",
				"$(TARGET_BUILD_DIR)/$(UNLOCALIZED_RESOURCES_FOLDER_PATH)/GoogleService-Info.plist",
				"$(TARGET_BUILD_DIR)/$(EXECUTABLE_PATH)",
			);
			outputFileListPaths = (
			);
			outputPaths = (
			);
			runOnlyForDeploymentPostprocessing = 0;
			shellPath = /bin/sh;
			shellScript = "# Type a script or drag a script file from your workspace to insert its path.\n\"${BUILD_DIR%/Build/*}/SourcePackages/checkouts/firebase-ios-sdk/Crashlytics/run\"\n";
		};
/* End PBXShellScriptBuildPhase section */

/* Begin PBXSourcesBuildPhase section */
		296C953B2C8B116400B39A10 /* Sources */ = {
			isa = PBXSourcesBuildPhase;
			buildActionMask = 2147483647;
			files = (
				296C96182C8B2F2F00B39A10 /* Home_Screen.swift in Sources */,
				29DD1C7E2C8B4AE60001ACC8 /* Colors.swift in Sources */,
				29DD1C692C8B33480001ACC8 /* Cart_Screen.swift in Sources */,
				296C95452C8B116400B39A10 /* ContentView.swift in Sources */,
				296C96122C8B2B4600B39A10 /* SignIn_Screen.swift in Sources */,
				29DD1C652C8B33220001ACC8 /* Explore_Screen.swift in Sources */,
				296C96162C8B2E0400B39A10 /* ForgetPassword_Screen.swift in Sources */,
				296C95432C8B116400B39A10 /* UStoreApp.swift in Sources */,
				29DD1C712C8B4A380001ACC8 /* Tab.swift in Sources */,
				29DD1C6D2C8B33B30001ACC8 /* HttpError.swift in Sources */,
				296C96142C8B2DEA00B39A10 /* SignUp_Screen.swift in Sources */,
				29DD1C672C8B333B0001ACC8 /* Favorite_Screen.swift in Sources */,
				29DD1C6B2C8B33680001ACC8 /* Account_Screen.swift in Sources */,
				29DD1C742C8B4AAC0001ACC8 /* GilroyFonts.swift in Sources */,
				29DD1C6F2C8B49F30001ACC8 /* Navigator_Screen.swift in Sources */,
			);
			runOnlyForDeploymentPostprocessing = 0;
		};
		296C954B2C8B116600B39A10 /* Sources */ = {
			isa = PBXSourcesBuildPhase;
			buildActionMask = 2147483647;
			files = (
				296C95542C8B116600B39A10 /* UStoreTests.swift in Sources */,
			);
			runOnlyForDeploymentPostprocessing = 0;
		};
		296C95552C8B116600B39A10 /* Sources */ = {
			isa = PBXSourcesBuildPhase;
			buildActionMask = 2147483647;
			files = (
				296C95602C8B116600B39A10 /* UStoreUITestsLaunchTests.swift in Sources */,
				296C955E2C8B116600B39A10 /* UStoreUITests.swift in Sources */,
			);
			runOnlyForDeploymentPostprocessing = 0;
		};
/* End PBXSourcesBuildPhase section */

/* Begin PBXTargetDependency section */
		296C95512C8B116600B39A10 /* PBXTargetDependency */ = {
			isa = PBXTargetDependency;
			target = 296C953E2C8B116400B39A10 /* UStore */;
			targetProxy = 296C95502C8B116600B39A10 /* PBXContainerItemProxy */;
		};
		296C955B2C8B116600B39A10 /* PBXTargetDependency */ = {
			isa = PBXTargetDependency;
			target = 296C953E2C8B116400B39A10 /* UStore */;
			targetProxy = 296C955A2C8B116600B39A10 /* PBXContainerItemProxy */;
		};
/* End PBXTargetDependency section */

/* Begin XCBuildConfiguration section */
		296C95612C8B116600B39A10 /* Debug */ = {
			isa = XCBuildConfiguration;
			buildSettings = {
				ALWAYS_SEARCH_USER_PATHS = NO;
				ASSETCATALOG_COMPILER_GENERATE_SWIFT_ASSET_SYMBOL_EXTENSIONS = YES;
				CLANG_ANALYZER_NONNULL = YES;
				CLANG_ANALYZER_NUMBER_OBJECT_CONVERSION = YES_AGGRESSIVE;
				CLANG_CXX_LANGUAGE_STANDARD = "gnu++20";
				CLANG_ENABLE_MODULES = YES;
				CLANG_ENABLE_OBJC_ARC = YES;
				CLANG_ENABLE_OBJC_WEAK = YES;
				CLANG_WARN_BLOCK_CAPTURE_AUTORELEASING = YES;
				CLANG_WARN_BOOL_CONVERSION = YES;
				CLANG_WARN_COMMA = YES;
				CLANG_WARN_CONSTANT_CONVERSION = YES;
				CLANG_WARN_DEPRECATED_OBJC_IMPLEMENTATIONS = YES;
				CLANG_WARN_DIRECT_OBJC_ISA_USAGE = YES_ERROR;
				CLANG_WARN_DOCUMENTATION_COMMENTS = YES;
				CLANG_WARN_EMPTY_BODY = YES;
				CLANG_WARN_ENUM_CONVERSION = YES;
				CLANG_WARN_INFINITE_RECURSION = YES;
				CLANG_WARN_INT_CONVERSION = YES;
				CLANG_WARN_NON_LITERAL_NULL_CONVERSION = YES;
				CLANG_WARN_OBJC_IMPLICIT_RETAIN_SELF = YES;
				CLANG_WARN_OBJC_LITERAL_CONVERSION = YES;
				CLANG_WARN_OBJC_ROOT_CLASS = YES_ERROR;
				CLANG_WARN_QUOTED_INCLUDE_IN_FRAMEWORK_HEADER = YES;
				CLANG_WARN_RANGE_LOOP_ANALYSIS = YES;
				CLANG_WARN_STRICT_PROTOTYPES = YES;
				CLANG_WARN_SUSPICIOUS_MOVE = YES;
				CLANG_WARN_UNGUARDED_AVAILABILITY = YES_AGGRESSIVE;
				CLANG_WARN_UNREACHABLE_CODE = YES;
				CLANG_WARN__DUPLICATE_METHOD_MATCH = YES;
				COPY_PHASE_STRIP = NO;
				DEBUG_INFORMATION_FORMAT = dwarf;
				ENABLE_STRICT_OBJC_MSGSEND = YES;
				ENABLE_TESTABILITY = YES;
				ENABLE_USER_SCRIPT_SANDBOXING = YES;
				GCC_C_LANGUAGE_STANDARD = gnu17;
				GCC_DYNAMIC_NO_PIC = NO;
				GCC_NO_COMMON_BLOCKS = YES;
				GCC_OPTIMIZATION_LEVEL = 0;
				GCC_PREPROCESSOR_DEFINITIONS = (
					"DEBUG=1",
					"$(inherited)",
				);
				GCC_WARN_64_TO_32_BIT_CONVERSION = YES;
				GCC_WARN_ABOUT_RETURN_TYPE = YES_ERROR;
				GCC_WARN_UNDECLARED_SELECTOR = YES;
				GCC_WARN_UNINITIALIZED_AUTOS = YES_AGGRESSIVE;
				GCC_WARN_UNUSED_FUNCTION = YES;
				GCC_WARN_UNUSED_VARIABLE = YES;
				IPHONEOS_DEPLOYMENT_TARGET = 17.5;
				LOCALIZATION_PREFERS_STRING_CATALOGS = YES;
				MTL_ENABLE_DEBUG_INFO = INCLUDE_SOURCE;
				MTL_FAST_MATH = YES;
				ONLY_ACTIVE_ARCH = YES;
				SDKROOT = iphoneos;
				SWIFT_ACTIVE_COMPILATION_CONDITIONS = "DEBUG $(inherited)";
				SWIFT_OPTIMIZATION_LEVEL = "-Onone";
			};
			name = Debug;
		};
		296C95622C8B116600B39A10 /* Release */ = {
			isa = XCBuildConfiguration;
			buildSettings = {
				ALWAYS_SEARCH_USER_PATHS = NO;
				ASSETCATALOG_COMPILER_GENERATE_SWIFT_ASSET_SYMBOL_EXTENSIONS = YES;
				CLANG_ANALYZER_NONNULL = YES;
				CLANG_ANALYZER_NUMBER_OBJECT_CONVERSION = YES_AGGRESSIVE;
				CLANG_CXX_LANGUAGE_STANDARD = "gnu++20";
				CLANG_ENABLE_MODULES = YES;
				CLANG_ENABLE_OBJC_ARC = YES;
				CLANG_ENABLE_OBJC_WEAK = YES;
				CLANG_WARN_BLOCK_CAPTURE_AUTORELEASING = YES;
				CLANG_WARN_BOOL_CONVERSION = YES;
				CLANG_WARN_COMMA = YES;
				CLANG_WARN_CONSTANT_CONVERSION = YES;
				CLANG_WARN_DEPRECATED_OBJC_IMPLEMENTATIONS = YES;
				CLANG_WARN_DIRECT_OBJC_ISA_USAGE = YES_ERROR;
				CLANG_WARN_DOCUMENTATION_COMMENTS = YES;
				CLANG_WARN_EMPTY_BODY = YES;
				CLANG_WARN_ENUM_CONVERSION = YES;
				CLANG_WARN_INFINITE_RECURSION = YES;
				CLANG_WARN_INT_CONVERSION = YES;
				CLANG_WARN_NON_LITERAL_NULL_CONVERSION = YES;
				CLANG_WARN_OBJC_IMPLICIT_RETAIN_SELF = YES;
				CLANG_WARN_OBJC_LITERAL_CONVERSION = YES;
				CLANG_WARN_OBJC_ROOT_CLASS = YES_ERROR;
				CLANG_WARN_QUOTED_INCLUDE_IN_FRAMEWORK_HEADER = YES;
				CLANG_WARN_RANGE_LOOP_ANALYSIS = YES;
				CLANG_WARN_STRICT_PROTOTYPES = YES;
				CLANG_WARN_SUSPICIOUS_MOVE = YES;
				CLANG_WARN_UNGUARDED_AVAILABILITY = YES_AGGRESSIVE;
				CLANG_WARN_UNREACHABLE_CODE = YES;
				CLANG_WARN__DUPLICATE_METHOD_MATCH = YES;
				COPY_PHASE_STRIP = NO;
				DEBUG_INFORMATION_FORMAT = "dwarf-with-dsym";
				ENABLE_NS_ASSERTIONS = NO;
				ENABLE_STRICT_OBJC_MSGSEND = YES;
				ENABLE_USER_SCRIPT_SANDBOXING = YES;
				GCC_C_LANGUAGE_STANDARD = gnu17;
				GCC_NO_COMMON_BLOCKS = YES;
				GCC_WARN_64_TO_32_BIT_CONVERSION = YES;
				GCC_WARN_ABOUT_RETURN_TYPE = YES_ERROR;
				GCC_WARN_UNDECLARED_SELECTOR = YES;
				GCC_WARN_UNINITIALIZED_AUTOS = YES_AGGRESSIVE;
				GCC_WARN_UNUSED_FUNCTION = YES;
				GCC_WARN_UNUSED_VARIABLE = YES;
				IPHONEOS_DEPLOYMENT_TARGET = 17.5;
				LOCALIZATION_PREFERS_STRING_CATALOGS = YES;
				MTL_ENABLE_DEBUG_INFO = NO;
				MTL_FAST_MATH = YES;
				SDKROOT = iphoneos;
				SWIFT_COMPILATION_MODE = wholemodule;
				VALIDATE_PRODUCT = YES;
			};
			name = Release;
		};
		296C95642C8B116600B39A10 /* Debug */ = {
			isa = XCBuildConfiguration;
			buildSettings = {
				ASSETCATALOG_COMPILER_APPICON_NAME = AppIcon;
				ASSETCATALOG_COMPILER_GLOBAL_ACCENT_COLOR_NAME = AccentColor;
				CODE_SIGN_STYLE = Automatic;
				CURRENT_PROJECT_VERSION = 1;
				DEBUG_INFORMATION_FORMAT = "dwarf-with-dsym";
				DEVELOPMENT_ASSET_PATHS = "\"UStore/Preview Content\"";
				DEVELOPMENT_TEAM = 94YWJ7573L;
				ENABLE_PREVIEWS = YES;
				GENERATE_INFOPLIST_FILE = YES;
				INFOPLIST_KEY_UIApplicationSceneManifest_Generation = YES;
				INFOPLIST_KEY_UIApplicationSupportsIndirectInputEvents = YES;
				INFOPLIST_KEY_UILaunchScreen_Generation = YES;
				INFOPLIST_KEY_UILaunchStoryboardName = "Launch Screen.storyboard";
				INFOPLIST_KEY_UISupportedInterfaceOrientations_iPad = "UIInterfaceOrientationPortrait UIInterfaceOrientationPortraitUpsideDown UIInterfaceOrientationLandscapeLeft UIInterfaceOrientationLandscapeRight";
				INFOPLIST_KEY_UISupportedInterfaceOrientations_iPhone = "UIInterfaceOrientationPortrait UIInterfaceOrientationLandscapeLeft UIInterfaceOrientationLandscapeRight";
				LD_RUNPATH_SEARCH_PATHS = (
					"$(inherited)",
					"@executable_path/Frameworks",
				);
				MARKETING_VERSION = 1.0;
				PRODUCT_BUNDLE_IDENTIFIER = com.Amircooding.UStore;
				PRODUCT_NAME = "$(TARGET_NAME)";
				SWIFT_EMIT_LOC_STRINGS = YES;
				SWIFT_VERSION = 5.0;
				TARGETED_DEVICE_FAMILY = "1,2";
			};
			name = Debug;
		};
		296C95652C8B116600B39A10 /* Release */ = {
			isa = XCBuildConfiguration;
			buildSettings = {
				ASSETCATALOG_COMPILER_APPICON_NAME = AppIcon;
				ASSETCATALOG_COMPILER_GLOBAL_ACCENT_COLOR_NAME = AccentColor;
				CODE_SIGN_STYLE = Automatic;
				CURRENT_PROJECT_VERSION = 1;
				DEBUG_INFORMATION_FORMAT = "dwarf-with-dsym";
				DEVELOPMENT_ASSET_PATHS = "\"UStore/Preview Content\"";
				DEVELOPMENT_TEAM = 94YWJ7573L;
				ENABLE_PREVIEWS = YES;
				GENERATE_INFOPLIST_FILE = YES;
				INFOPLIST_KEY_UIApplicationSceneManifest_Generation = YES;
				INFOPLIST_KEY_UIApplicationSupportsIndirectInputEvents = YES;
				INFOPLIST_KEY_UILaunchScreen_Generation = YES;
				INFOPLIST_KEY_UILaunchStoryboardName = "Launch Screen.storyboard";
				INFOPLIST_KEY_UISupportedInterfaceOrientations_iPad = "UIInterfaceOrientationPortrait UIInterfaceOrientationPortraitUpsideDown UIInterfaceOrientationLandscapeLeft UIInterfaceOrientationLandscapeRight";
				INFOPLIST_KEY_UISupportedInterfaceOrientations_iPhone = "UIInterfaceOrientationPortrait UIInterfaceOrientationLandscapeLeft UIInterfaceOrientationLandscapeRight";
				LD_RUNPATH_SEARCH_PATHS = (
					"$(inherited)",
					"@executable_path/Frameworks",
				);
				MARKETING_VERSION = 1.0;
				PRODUCT_BUNDLE_IDENTIFIER = com.Amircooding.UStore;
				PRODUCT_NAME = "$(TARGET_NAME)";
				SWIFT_EMIT_LOC_STRINGS = YES;
				SWIFT_VERSION = 5.0;
				TARGETED_DEVICE_FAMILY = "1,2";
			};
			name = Release;
		};
		296C95672C8B116600B39A10 /* Debug */ = {
			isa = XCBuildConfiguration;
			buildSettings = {
				ALWAYS_EMBED_SWIFT_STANDARD_LIBRARIES = YES;
				BUNDLE_LOADER = "$(TEST_HOST)";
				CODE_SIGN_STYLE = Automatic;
				CURRENT_PROJECT_VERSION = 1;
				DEVELOPMENT_TEAM = 94YWJ7573L;
				GENERATE_INFOPLIST_FILE = YES;
				IPHONEOS_DEPLOYMENT_TARGET = 17.5;
				MARKETING_VERSION = 1.0;
				PRODUCT_BUNDLE_IDENTIFIER = com.Amircooding.UStoreTests;
				PRODUCT_NAME = "$(TARGET_NAME)";
				SWIFT_EMIT_LOC_STRINGS = NO;
				SWIFT_VERSION = 5.0;
				TARGETED_DEVICE_FAMILY = "1,2";
				TEST_HOST = "$(BUILT_PRODUCTS_DIR)/UStore.app/$(BUNDLE_EXECUTABLE_FOLDER_PATH)/UStore";
			};
			name = Debug;
		};
		296C95682C8B116600B39A10 /* Release */ = {
			isa = XCBuildConfiguration;
			buildSettings = {
				ALWAYS_EMBED_SWIFT_STANDARD_LIBRARIES = YES;
				BUNDLE_LOADER = "$(TEST_HOST)";
				CODE_SIGN_STYLE = Automatic;
				CURRENT_PROJECT_VERSION = 1;
				DEVELOPMENT_TEAM = 94YWJ7573L;
				GENERATE_INFOPLIST_FILE = YES;
				IPHONEOS_DEPLOYMENT_TARGET = 17.5;
				MARKETING_VERSION = 1.0;
				PRODUCT_BUNDLE_IDENTIFIER = com.Amircooding.UStoreTests;
				PRODUCT_NAME = "$(TARGET_NAME)";
				SWIFT_EMIT_LOC_STRINGS = NO;
				SWIFT_VERSION = 5.0;
				TARGETED_DEVICE_FAMILY = "1,2";
				TEST_HOST = "$(BUILT_PRODUCTS_DIR)/UStore.app/$(BUNDLE_EXECUTABLE_FOLDER_PATH)/UStore";
			};
			name = Release;
		};
		296C956A2C8B116600B39A10 /* Debug */ = {
			isa = XCBuildConfiguration;
			buildSettings = {
				ALWAYS_EMBED_SWIFT_STANDARD_LIBRARIES = YES;
				CODE_SIGN_STYLE = Automatic;
				CURRENT_PROJECT_VERSION = 1;
				DEVELOPMENT_TEAM = 94YWJ7573L;
				GENERATE_INFOPLIST_FILE = YES;
				MARKETING_VERSION = 1.0;
				PRODUCT_BUNDLE_IDENTIFIER = com.Amircooding.UStoreUITests;
				PRODUCT_NAME = "$(TARGET_NAME)";
				SWIFT_EMIT_LOC_STRINGS = NO;
				SWIFT_VERSION = 5.0;
				TARGETED_DEVICE_FAMILY = "1,2";
				TEST_TARGET_NAME = UStore;
			};
			name = Debug;
		};
		296C956B2C8B116600B39A10 /* Release */ = {
			isa = XCBuildConfiguration;
			buildSettings = {
				ALWAYS_EMBED_SWIFT_STANDARD_LIBRARIES = YES;
				CODE_SIGN_STYLE = Automatic;
				CURRENT_PROJECT_VERSION = 1;
				DEVELOPMENT_TEAM = 94YWJ7573L;
				GENERATE_INFOPLIST_FILE = YES;
				MARKETING_VERSION = 1.0;
				PRODUCT_BUNDLE_IDENTIFIER = com.Amircooding.UStoreUITests;
				PRODUCT_NAME = "$(TARGET_NAME)";
				SWIFT_EMIT_LOC_STRINGS = NO;
				SWIFT_VERSION = 5.0;
				TARGETED_DEVICE_FAMILY = "1,2";
				TEST_TARGET_NAME = UStore;
			};
			name = Release;
		};
/* End XCBuildConfiguration section */

/* Begin XCConfigurationList section */
		296C953A2C8B116400B39A10 /* Build configuration list for PBXProject "UStore" */ = {
			isa = XCConfigurationList;
			buildConfigurations = (
				296C95612C8B116600B39A10 /* Debug */,
				296C95622C8B116600B39A10 /* Release */,
			);
			defaultConfigurationIsVisible = 0;
			defaultConfigurationName = Release;
		};
		296C95632C8B116600B39A10 /* Build configuration list for PBXNativeTarget "UStore" */ = {
			isa = XCConfigurationList;
			buildConfigurations = (
				296C95642C8B116600B39A10 /* Debug */,
				296C95652C8B116600B39A10 /* Release */,
			);
			defaultConfigurationIsVisible = 0;
			defaultConfigurationName = Release;
		};
		296C95662C8B116600B39A10 /* Build configuration list for PBXNativeTarget "UStoreTests" */ = {
			isa = XCConfigurationList;
			buildConfigurations = (
				296C95672C8B116600B39A10 /* Debug */,
				296C95682C8B116600B39A10 /* Release */,
			);
			defaultConfigurationIsVisible = 0;
			defaultConfigurationName = Release;
		};
		296C95692C8B116600B39A10 /* Build configuration list for PBXNativeTarget "UStoreUITests" */ = {
			isa = XCConfigurationList;
			buildConfigurations = (
				296C956A2C8B116600B39A10 /* Debug */,
				296C956B2C8B116600B39A10 /* Release */,
			);
			defaultConfigurationIsVisible = 0;
			defaultConfigurationName = Release;
		};
/* End XCConfigurationList section */

/* Begin XCRemoteSwiftPackageReference section */
		29DD1C7F2C8C683E0001ACC8 /* XCRemoteSwiftPackageReference "firebase-ios-sdk" */ = {
			isa = XCRemoteSwiftPackageReference;
			repositoryURL = "https://github.com/firebase/firebase-ios-sdk.git";
			requirement = {
				kind = upToNextMajorVersion;
				minimumVersion = 11.1.0;
			};
		};
/* End XCRemoteSwiftPackageReference section */

/* Begin XCSwiftPackageProductDependency section */
		29DD1C802C8C683E0001ACC8 /* FirebaseAnalytics */ = {
			isa = XCSwiftPackageProductDependency;
			package = 29DD1C7F2C8C683E0001ACC8 /* XCRemoteSwiftPackageReference "firebase-ios-sdk" */;
			productName = FirebaseAnalytics;
		};
		29DD1C822C8C683E0001ACC8 /* FirebaseAnalyticsOnDeviceConversion */ = {
			isa = XCSwiftPackageProductDependency;
			package = 29DD1C7F2C8C683E0001ACC8 /* XCRemoteSwiftPackageReference "firebase-ios-sdk" */;
			productName = FirebaseAnalyticsOnDeviceConversion;
		};
		29DD1C842C8C683E0001ACC8 /* FirebaseAnalyticsWithoutAdIdSupport */ = {
			isa = XCSwiftPackageProductDependency;
			package = 29DD1C7F2C8C683E0001ACC8 /* XCRemoteSwiftPackageReference "firebase-ios-sdk" */;
			productName = FirebaseAnalyticsWithoutAdIdSupport;
		};
		29DD1C862C8C683E0001ACC8 /* FirebaseAppCheck */ = {
			isa = XCSwiftPackageProductDependency;
			package = 29DD1C7F2C8C683E0001ACC8 /* XCRemoteSwiftPackageReference "firebase-ios-sdk" */;
			productName = FirebaseAppCheck;
		};
		29DD1C882C8C683E0001ACC8 /* FirebaseAppDistribution-Beta */ = {
			isa = XCSwiftPackageProductDependency;
			package = 29DD1C7F2C8C683E0001ACC8 /* XCRemoteSwiftPackageReference "firebase-ios-sdk" */;
			productName = "FirebaseAppDistribution-Beta";
		};
		29DD1C8A2C8C683E0001ACC8 /* FirebaseAuth */ = {
			isa = XCSwiftPackageProductDependency;
			package = 29DD1C7F2C8C683E0001ACC8 /* XCRemoteSwiftPackageReference "firebase-ios-sdk" */;
			productName = FirebaseAuth;
		};
		29DD1C8C2C8C683E0001ACC8 /* FirebaseAuthCombine-Community */ = {
			isa = XCSwiftPackageProductDependency;
			package = 29DD1C7F2C8C683E0001ACC8 /* XCRemoteSwiftPackageReference "firebase-ios-sdk" */;
			productName = "FirebaseAuthCombine-Community";
		};
		29DD1C8E2C8C683E0001ACC8 /* FirebaseCrashlytics */ = {
			isa = XCSwiftPackageProductDependency;
			package = 29DD1C7F2C8C683E0001ACC8 /* XCRemoteSwiftPackageReference "firebase-ios-sdk" */;
			productName = FirebaseCrashlytics;
		};
		29DD1C902C8C683E0001ACC8 /* FirebaseDatabase */ = {
			isa = XCSwiftPackageProductDependency;
			package = 29DD1C7F2C8C683E0001ACC8 /* XCRemoteSwiftPackageReference "firebase-ios-sdk" */;
			productName = FirebaseDatabase;
		};
		29DD1C922C8C683E0001ACC8 /* FirebaseDynamicLinks */ = {
			isa = XCSwiftPackageProductDependency;
			package = 29DD1C7F2C8C683E0001ACC8 /* XCRemoteSwiftPackageReference "firebase-ios-sdk" */;
			productName = FirebaseDynamicLinks;
		};
		29DD1C942C8C683E0001ACC8 /* FirebaseFirestore */ = {
			isa = XCSwiftPackageProductDependency;
			package = 29DD1C7F2C8C683E0001ACC8 /* XCRemoteSwiftPackageReference "firebase-ios-sdk" */;
			productName = FirebaseFirestore;
		};
		29DD1C962C8C683E0001ACC8 /* FirebaseFirestoreCombine-Community */ = {
			isa = XCSwiftPackageProductDependency;
			package = 29DD1C7F2C8C683E0001ACC8 /* XCRemoteSwiftPackageReference "firebase-ios-sdk" */;
			productName = "FirebaseFirestoreCombine-Community";
		};
		29DD1C982C8C683E0001ACC8 /* FirebaseFunctions */ = {
			isa = XCSwiftPackageProductDependency;
			package = 29DD1C7F2C8C683E0001ACC8 /* XCRemoteSwiftPackageReference "firebase-ios-sdk" */;
			productName = FirebaseFunctions;
		};
		29DD1C9A2C8C683E0001ACC8 /* FirebaseFunctionsCombine-Community */ = {
			isa = XCSwiftPackageProductDependency;
			package = 29DD1C7F2C8C683E0001ACC8 /* XCRemoteSwiftPackageReference "firebase-ios-sdk" */;
			productName = "FirebaseFunctionsCombine-Community";
		};
		29DD1C9C2C8C683E0001ACC8 /* FirebaseInAppMessaging-Beta */ = {
			isa = XCSwiftPackageProductDependency;
			package = 29DD1C7F2C8C683E0001ACC8 /* XCRemoteSwiftPackageReference "firebase-ios-sdk" */;
			productName = "FirebaseInAppMessaging-Beta";
		};
		29DD1C9E2C8C683E0001ACC8 /* FirebaseInstallations */ = {
			isa = XCSwiftPackageProductDependency;
			package = 29DD1C7F2C8C683E0001ACC8 /* XCRemoteSwiftPackageReference "firebase-ios-sdk" */;
			productName = FirebaseInstallations;
		};
		29DD1CA02C8C683E0001ACC8 /* FirebaseMessaging */ = {
			isa = XCSwiftPackageProductDependency;
			package = 29DD1C7F2C8C683E0001ACC8 /* XCRemoteSwiftPackageReference "firebase-ios-sdk" */;
			productName = FirebaseMessaging;
		};
		29DD1CA22C8C683E0001ACC8 /* FirebasePerformance */ = {
			isa = XCSwiftPackageProductDependency;
			package = 29DD1C7F2C8C683E0001ACC8 /* XCRemoteSwiftPackageReference "firebase-ios-sdk" */;
			productName = FirebasePerformance;
		};
		29DD1CA42C8C683E0001ACC8 /* FirebaseRemoteConfig */ = {
			isa = XCSwiftPackageProductDependency;
			package = 29DD1C7F2C8C683E0001ACC8 /* XCRemoteSwiftPackageReference "firebase-ios-sdk" */;
			productName = FirebaseRemoteConfig;
		};
		29DD1CA62C8C683E0001ACC8 /* FirebaseStorage */ = {
			isa = XCSwiftPackageProductDependency;
			package = 29DD1C7F2C8C683E0001ACC8 /* XCRemoteSwiftPackageReference "firebase-ios-sdk" */;
			productName = FirebaseStorage;
		};
		29DD1CA82C8C683E0001ACC8 /* FirebaseStorageCombine-Community */ = {
			isa = XCSwiftPackageProductDependency;
			package = 29DD1C7F2C8C683E0001ACC8 /* XCRemoteSwiftPackageReference "firebase-ios-sdk" */;
			productName = "FirebaseStorageCombine-Community";
		};
		29DD1CAA2C8C683E0001ACC8 /* FirebaseVertexAI-Preview */ = {
			isa = XCSwiftPackageProductDependency;
			package = 29DD1C7F2C8C683E0001ACC8 /* XCRemoteSwiftPackageReference "firebase-ios-sdk" */;
			productName = "FirebaseVertexAI-Preview";
		};
/* End XCSwiftPackageProductDependency section */
	};
	rootObject = 296C95372C8B116400B39A10 /* Project object */;
}
